{
  "name": "@effect/tsgo",
  "version": "0.43.0",
  "lockfileVersion": 3,
  "requires": true,
  "packages": {
    "": {
      "name": "@effect/tsgo",
      "version": "0.43.0",
      "license": "MIT",
      "bin": {
        "effect-tsgo": "dist/effect-tsgo.cjs"
      },
      "optionalDependencies": {
        "@effect/tsgo-darwin-arm64": "0.43.0",
        "@effect/tsgo-darwin-x64": "0.43.0",
        "@effect/tsgo-linux-arm": "0.43.0",
        "@effect/tsgo-linux-arm64": "0.43.0",
        "@effect/tsgo-linux-x64": "0.43.0",
        "@effect/tsgo-win32-arm64": "0.43.0",
        "@effect/tsgo-win32-x64": "0.43.0"
      }
    },
    "node_modules/@effect/tsgo-darwin-arm64": {
      "version": "0.43.0",
      "resolved": "https://registry.npmjs.org/@effect/tsgo-darwin-arm64/-/tsgo-darwin-arm64-0.43.0.tgz",
      "integrity": "sha512-IG/JjY2n2YbUCQUwTLss9dF/VLe/m9tXQsyUHxhqFWW0Ih/3AJN3zIEnKu1JH19eQASFgsnm5zJQXHpVmiMRng==",
      "cpu": [
        "arm64"
      ],
      "license": "MIT",
      "optional": true,
      "os": [
        "darwin"
      ]
    },
    "node_modules/@effect/tsgo-darwin-x64": {
      "version": "0.43.0",
      "resolved": "https://registry.npmjs.org/@effect/tsgo-darwin-x64/-/tsgo-darwin-x64-0.43.0.tgz",
      "integrity": "sha512-diUSga2Zhl7gp6TDJzw+JQ1CGOi1SvVS1gBWWS3AQExlYZaku3eQmtIQ6LJSfxTDBkVtk30zFuqT7/uqvXJkFA==",
      "cpu": [
        "x64"
      ],
      "license": "MIT",
      "optional": true,
      "os": [
        "darwin"
      ]
    },
    "node_modules/@effect/tsgo-linux-arm": {
      "version": "0.43.0",
      "resolved": "https://registry.npmjs.org/@effect/tsgo-linux-arm/-/tsgo-linux-arm-0.43.0.tgz",
      "integrity": "sha512-NCcggB9V3C3J0/mrP6K/O8EzoOj0ua6p85WZA4nNj/3mFXh8H3eTc4LPwdsVCiIi66u0qNNefFJjV2uNgDP6Qw==",
      "cpu": [
        "arm"
      ],
      "license": "MIT",
      "optional": true,
      "os": [
        "linux"
      ]
    },
    "node_modules/@effect/tsgo-linux-arm64": {
      "version": "0.43.0",
      "resolved": "https://registry.npmjs.org/@effect/tsgo-linux-arm64/-/tsgo-linux-arm64-0.43.0.tgz",
      "integrity": "sha512-5HZ2G8zeIUYxG9DL0zgoibjd/EgHjK2BrTS28DMdmwd0+uRpMhCRPHnfGxurTDEprcCavAOfvKx+32EKe4HWhA==",
      "cpu": [
        "arm64"
      ],
      "license": "MIT",
      "optional": true,
      "os": [
        "linux"
      ]
    },
    "node_modules/@effect/tsgo-linux-x64": {
      "version": "0.43.0",
      "resolved": "https://registry.npmjs.org/@effect/tsgo-linux-x64/-/tsgo-linux-x64-0.43.0.tgz",
      "integrity": "sha512-prRQeThBFCLngHdPMiF+FzcvdEhh7tqFkZ7mZct87FYJNCNaWjO8I6wJsjRY3SOyV7gaMRZrTTpV54sCdErQvQ==",
      "cpu": [
        "x64"
      ],
      "license": "MIT",
      "optional": true,
      "os": [
        "linux"
      ]
    },
    "node_modules/@effect/tsgo-win32-arm64": {
      "version": "0.43.0",
      "resolved": "https://registry.npmjs.org/@effect/tsgo-win32-arm64/-/tsgo-win32-arm64-0.43.0.tgz",
      "integrity": "sha512-O25TBiemFMEdtHscIJMmQ7NMPnIWPLWkuvudeSAB/VTmsfHoIgCsldC1vGDq3xP7wJDlxNPblZpCDpbnEO9s0Q==",
      "cpu": [
        "arm64"
      ],
      "license": "MIT",
      "optional": true,
      "os": [
        "win32"
      ]
    },
    "node_modules/@effect/tsgo-win32-x64": {
      "version": "0.43.0",
      "resolved": "https://registry.npmjs.org/@effect/tsgo-win32-x64/-/tsgo-win32-x64-0.43.0.tgz",
      "integrity": "sha512-Ic3hLnr8v8DBZ9Hx4VflSXJZSJh/Ak8PY/Tnz8nNWONtIpvBWTzFMXFmrib2h2O8N61FoAR/KG1S2M6mEqsExg==",
      "cpu": [
        "x64"
      ],
      "license": "MIT",
      "optional": true,
      "os": [
        "win32"
      ]
    }
  }
}
