{
  "name": "@effect/tsgo",
  "version": "0.45.0",
  "lockfileVersion": 3,
  "requires": true,
  "packages": {
    "": {
      "name": "@effect/tsgo",
      "version": "0.45.0",
      "license": "MIT",
      "bin": {
        "effect-tsgo": "dist/effect-tsgo.cjs"
      },
      "optionalDependencies": {
        "@effect/tsgo-darwin-arm64": "0.45.0",
        "@effect/tsgo-darwin-x64": "0.45.0",
        "@effect/tsgo-linux-arm": "0.45.0",
        "@effect/tsgo-linux-arm64": "0.45.0",
        "@effect/tsgo-linux-x64": "0.45.0",
        "@effect/tsgo-win32-arm64": "0.45.0",
        "@effect/tsgo-win32-x64": "0.45.0"
      }
    },
    "node_modules/@effect/tsgo-darwin-arm64": {
      "version": "0.45.0",
      "resolved": "https://registry.npmjs.org/@effect/tsgo-darwin-arm64/-/tsgo-darwin-arm64-0.45.0.tgz",
      "integrity": "sha512-WUoiEVcm8E19QK6fl63lsssM4dkT9IFnULbmqQ6LBfv7H9uRkpE9S3thj8ZtZ+vl/QY8atwfuaTf+3A1m/kGtQ==",
      "cpu": [
        "arm64"
      ],
      "license": "MIT",
      "optional": true,
      "os": [
        "darwin"
      ]
    },
    "node_modules/@effect/tsgo-darwin-x64": {
      "version": "0.45.0",
      "resolved": "https://registry.npmjs.org/@effect/tsgo-darwin-x64/-/tsgo-darwin-x64-0.45.0.tgz",
      "integrity": "sha512-s3yz7ZfIzvObXJ/r5xd9sEPxHKC3L+D+yedS1BV2Kpn47Je2svYCNYKxzXIpqFLkNjK+RcOQrcfYbYEpKZZa6g==",
      "cpu": [
        "x64"
      ],
      "license": "MIT",
      "optional": true,
      "os": [
        "darwin"
      ]
    },
    "node_modules/@effect/tsgo-linux-arm": {
      "version": "0.45.0",
      "resolved": "https://registry.npmjs.org/@effect/tsgo-linux-arm/-/tsgo-linux-arm-0.45.0.tgz",
      "integrity": "sha512-f6zL6YbWA9lXdfJ//KOjUz/U3CdGtajKi5NsR/lcQaKfZiJwHfeeLBB3yetF3qbPGSA149/kuMoDMWL13RUH3A==",
      "cpu": [
        "arm"
      ],
      "license": "MIT",
      "optional": true,
      "os": [
        "linux"
      ]
    },
    "node_modules/@effect/tsgo-linux-arm64": {
      "version": "0.45.0",
      "resolved": "https://registry.npmjs.org/@effect/tsgo-linux-arm64/-/tsgo-linux-arm64-0.45.0.tgz",
      "integrity": "sha512-N+lyzixtylOOn49demDaqg0kb/U8ISxM10Gphs1pIMSGlqlfqC4inYEoFpYej+f4T/cRlkA11Ue7wJzNz83ePA==",
      "cpu": [
        "arm64"
      ],
      "license": "MIT",
      "optional": true,
      "os": [
        "linux"
      ]
    },
    "node_modules/@effect/tsgo-linux-x64": {
      "version": "0.45.0",
      "resolved": "https://registry.npmjs.org/@effect/tsgo-linux-x64/-/tsgo-linux-x64-0.45.0.tgz",
      "integrity": "sha512-aWt0G8celAxJOis4+xiILkyMP/3J+vukimUhSoCmUAPt8zoT9qhZcN64XYZE7jfqp88ByRdgN9GK1/C7YfPtcQ==",
      "cpu": [
        "x64"
      ],
      "license": "MIT",
      "optional": true,
      "os": [
        "linux"
      ]
    },
    "node_modules/@effect/tsgo-win32-arm64": {
      "version": "0.45.0",
      "resolved": "https://registry.npmjs.org/@effect/tsgo-win32-arm64/-/tsgo-win32-arm64-0.45.0.tgz",
      "integrity": "sha512-EAdeV366ja+M4XCx6xjXMv4Xkc0Fgzy4bapa0saDWcGhllNLqJDfOk4lk0BgAEjBUI8+0xC+PXKVB5SMz4EpVA==",
      "cpu": [
        "arm64"
      ],
      "license": "MIT",
      "optional": true,
      "os": [
        "win32"
      ]
    },
    "node_modules/@effect/tsgo-win32-x64": {
      "version": "0.45.0",
      "resolved": "https://registry.npmjs.org/@effect/tsgo-win32-x64/-/tsgo-win32-x64-0.45.0.tgz",
      "integrity": "sha512-1Hsr/sT5dmIafoY9L0ASJo4VqGyPNzM1nwTb4Wj1Lmjq6kGuwO/PVozFg3WZZ0piChFmgiU3nx1AKZfyqgjGUw==",
      "cpu": [
        "x64"
      ],
      "license": "MIT",
      "optional": true,
      "os": [
        "win32"
      ]
    }
  }
}
