{
  "name": "@effect/tsgo",
  "version": "0.44.0",
  "lockfileVersion": 3,
  "requires": true,
  "packages": {
    "": {
      "name": "@effect/tsgo",
      "version": "0.44.0",
      "license": "MIT",
      "bin": {
        "effect-tsgo": "dist/effect-tsgo.cjs"
      },
      "optionalDependencies": {
        "@effect/tsgo-darwin-arm64": "0.44.0",
        "@effect/tsgo-darwin-x64": "0.44.0",
        "@effect/tsgo-linux-arm": "0.44.0",
        "@effect/tsgo-linux-arm64": "0.44.0",
        "@effect/tsgo-linux-x64": "0.44.0",
        "@effect/tsgo-win32-arm64": "0.44.0",
        "@effect/tsgo-win32-x64": "0.44.0"
      }
    },
    "node_modules/@effect/tsgo-darwin-arm64": {
      "version": "0.44.0",
      "resolved": "https://registry.npmjs.org/@effect/tsgo-darwin-arm64/-/tsgo-darwin-arm64-0.44.0.tgz",
      "integrity": "sha512-aocqN+Q6wu4TiHf7g13hwA0FvNLBrIYcUa3vb4h8tOCkz4Z+/HHm9g2t3RpexLykc/hCEcVIgD4gW5Uuu34YoA==",
      "cpu": [
        "arm64"
      ],
      "license": "MIT",
      "optional": true,
      "os": [
        "darwin"
      ]
    },
    "node_modules/@effect/tsgo-darwin-x64": {
      "version": "0.44.0",
      "resolved": "https://registry.npmjs.org/@effect/tsgo-darwin-x64/-/tsgo-darwin-x64-0.44.0.tgz",
      "integrity": "sha512-rkN+qgBac7yzIxMqZnThbMZDyw6bKqxb5k0xaTt6cPiL8H3AO2F8QFCkjp95qgo0zYBZKSuSHRdjZDum0Erqcg==",
      "cpu": [
        "x64"
      ],
      "license": "MIT",
      "optional": true,
      "os": [
        "darwin"
      ]
    },
    "node_modules/@effect/tsgo-linux-arm": {
      "version": "0.44.0",
      "resolved": "https://registry.npmjs.org/@effect/tsgo-linux-arm/-/tsgo-linux-arm-0.44.0.tgz",
      "integrity": "sha512-UdX8UJyi6kVP0slgcsKObQu/Y5EppZfHpoQRgeoD9XHWdx61uIPhkBoSrj2WAaO+0VfL5Q7p4/VEq6vRKIdk3A==",
      "cpu": [
        "arm"
      ],
      "license": "MIT",
      "optional": true,
      "os": [
        "linux"
      ]
    },
    "node_modules/@effect/tsgo-linux-arm64": {
      "version": "0.44.0",
      "resolved": "https://registry.npmjs.org/@effect/tsgo-linux-arm64/-/tsgo-linux-arm64-0.44.0.tgz",
      "integrity": "sha512-znT1wLILWVKpr69HrqoG6+SHJEJG9SvCB0qvjgzMU1Sx3NWazJKtYzZVrqFg4ZO7yN4equ65EA5XCfrNyS8u7A==",
      "cpu": [
        "arm64"
      ],
      "license": "MIT",
      "optional": true,
      "os": [
        "linux"
      ]
    },
    "node_modules/@effect/tsgo-linux-x64": {
      "version": "0.44.0",
      "resolved": "https://registry.npmjs.org/@effect/tsgo-linux-x64/-/tsgo-linux-x64-0.44.0.tgz",
      "integrity": "sha512-wOEVYPaHoC5edJEK9V6tYO2eQobZIOjpqT4U2DLTlmzgJPMDCuWo/wQMFEpePX6kica58e0NkgTAcdU6nNKv0g==",
      "cpu": [
        "x64"
      ],
      "license": "MIT",
      "optional": true,
      "os": [
        "linux"
      ]
    },
    "node_modules/@effect/tsgo-win32-arm64": {
      "version": "0.44.0",
      "resolved": "https://registry.npmjs.org/@effect/tsgo-win32-arm64/-/tsgo-win32-arm64-0.44.0.tgz",
      "integrity": "sha512-n6kslI2tA6szxaACPlPs0CTSczqAkN/u7D0nW2lrDON7uyC9iGmUPbti7/dq1zngLDuvCWqFTpFtqfyblDgl2w==",
      "cpu": [
        "arm64"
      ],
      "license": "MIT",
      "optional": true,
      "os": [
        "win32"
      ]
    },
    "node_modules/@effect/tsgo-win32-x64": {
      "version": "0.44.0",
      "resolved": "https://registry.npmjs.org/@effect/tsgo-win32-x64/-/tsgo-win32-x64-0.44.0.tgz",
      "integrity": "sha512-1z77IQzujL/GxobzshnbBxjywXmwqwAT+6+TUFB06idFI1V7828YoNiJgA3Meu9QLqBp+5cWm+KlrDVB5H5cHQ==",
      "cpu": [
        "x64"
      ],
      "license": "MIT",
      "optional": true,
      "os": [
        "win32"
      ]
    }
  }
}
